{
  "version": 1,
  "dependencies": {
    "net8.0-windows7.0": {
      "ExcelDna.Integration": {
        "type": "Transitive",
        "resolved": "1.9.0",
        "contentHash": "A1nbeRWa+rg3RoO9NV9iqNwQxWb9eVNG+Ki3uCfo8D3U8CT11/fzTIvVT3y2LoCTzqRIPwTysqp9sj42MKYw5Q=="
      },
      "MathNet.Numerics": {
        "type": "Transitive",
        "resolved": "5.0.0",
        "contentHash": "pg1W2VwaEQMAiTpGK840hZgzavnqjlCMTVSbtVCXVyT+7AX4mc1o89SPv4TBlAjhgCOo9c1Y+jZ5m3ti2YgGgA=="
      },
      "Microsoft.Data.Sqlite": {
        "type": "Transitive",
        "resolved": "8.0.30",
        "contentHash": "ZRR6eDn39znUcSs3qCwRysVG0ceVv1bVXh9ZzHSEsgEobVbinE/eBC2f21Nd4ftXMiHiu0ZDKByvQcUKx79sFA==",
        "dependencies": {
          "Microsoft.Data.Sqlite.Core": "8.0.30",
          "SQLitePCLRaw.bundle_e_sqlite3": "2.1.12"
        }
      },
      "Microsoft.Data.Sqlite.Core": {
        "type": "Transitive",
        "resolved": "8.0.30",
        "contentHash": "FKUTPr2IfjcCdcKVCmpjt1x/nafhTlwau6IZagZJNS+rrOxA9MxN4Snuh7jzY/fBwy1WPOldl+5QGz/wrpy0zw==",
        "dependencies": {
          "SQLitePCLRaw.core": "2.1.12"
        }
      },
      "SQLitePCLRaw.bundle_e_sqlite3": {
        "type": "Transitive",
        "resolved": "2.1.12",
        "contentHash": "mAgscpQMLw5/nfA1Q5oJVAT29yROUo1ifZGbbTpx/lwZpSxMUGoYbKfmvdm8oXER+RzxqBmmQzeBEVKfeHv2nw==",
        "dependencies": {
          "SQLitePCLRaw.lib.e_sqlite3": "2.1.12",
          "SQLitePCLRaw.provider.e_sqlite3": "2.1.12"
        }
      },
      "SQLitePCLRaw.core": {
        "type": "Transitive",
        "resolved": "2.1.12",
        "contentHash": "ETpNw9DY3ckWLgRRAeCHj+GKOuPi61aeczkXhgHexUvqoZBAYg8RYESE2J7O1M7+o6QbdSEZwrw9bfqztUVWXg==",
        "dependencies": {
          "System.Memory": "4.5.3"
        }
      },
      "SQLitePCLRaw.lib.e_sqlite3": {
        "type": "Transitive",
        "resolved": "2.1.12",
        "contentHash": "fWi8Dbknuhgg72fWinIdjXVaqO1hHL4YBBwVLnr7e1c9TAZwJ0QE38j9syW1hwx6HaqEVTwI+O07WPdZn8Rp0w=="
      },
      "SQLitePCLRaw.provider.e_sqlite3": {
        "type": "Transitive",
        "resolved": "2.1.12",
        "contentHash": "W3oH4XIfCzFrgUSDKHhN6N+dgzA5YHOR2VxX8GB6Qy7CyrJJgxPEG8NirgYWlPQC5P2jz2knSsexWu4tDUL33g==",
        "dependencies": {
          "SQLitePCLRaw.core": "2.1.12"
        }
      },
      "System.Memory": {
        "type": "Transitive",
        "resolved": "4.5.3",
        "contentHash": "3oDzvc/zzetpTKWMShs1AADwZjQ/36HnsufHRPcOjyRAAMLDlu2iD33MBI2opxnezcVUtXyqDXXjoFMOU9c7SA=="
      },
      "analytics": {
        "type": "Project",
        "dependencies": {
          "ExcelDna.Integration": "[1.9.0, )",
          "ExcelFormulaLabs.Foundation": "[2.3.1, )",
          "MathNet.Numerics": "[5.0.0, )"
        }
      },
      "datatoolkit": {
        "type": "Project",
        "dependencies": {
          "ExcelDna.Integration": "[1.9.0, )",
          "ExcelFormulaLabs.Foundation": "[2.3.1, )",
          "Microsoft.Data.Sqlite": "[8.0.30, )"
        }
      },
      "ExcelFormulaLabs.Foundation": {
        "type": "Project"
      }
    }
  }
}